
Microsoft Visual Studio Solution File, Format Version 12.00
# Visual Studio Version 17
VisualStudioVersion = 17.0.32112.339
MinimumVisualStudioVersion = 10.0.40219.1
Project("{FAE04EC0-301F-11D3-BF4B-00C04F79EFBC}") = "Ported_FFC", "Ported_FFC.csproj", "{92D42B9F-04F5-4C76-98AF-DAF1A171AA51}"
EndProject
Global
	GlobalSection(SolutionConfigurationPlatforms) = preSolution
		Debug|Any CPU = Debug|Any CPU
		Release|Any CPU = Release|Any CPU
	EndGlobalSection
	GlobalSection(ProjectConfigurationPlatforms) = postSolution
		{92D42B9F-04F5-4C76-98AF-DAF1A171AA51}.Debug|Any CPU.ActiveCfg = Debug|Any CPU
		{92D42B9F-04F5-4C76-98AF-DAF1A171AA51}.Debug|Any CPU.Build.0 = Debug|Any CPU
		{92D42B9F-04F5-4C76-98AF-DAF1A171AA51}.Release|Any CPU.ActiveCfg = Release|Any CPU
		{92D42B9F-04F5-4C76-98AF-DAF1A171AA51}.Release|Any CPU.Build.0 = Release|Any CPU
	EndGlobalSection
	GlobalSection(SolutionProperties) = preSolution
		HideSolutionNode = FALSE
	EndGlobalSection
	GlobalSection(ExtensibilityGlobals) = postSolution
		SolutionGuid = {E997DFC5-C18D-4D4F-A3DE-907435C14A2F}
	EndGlobalSection
EndGlobal
